
Microsoft Visual Studio Solution File, Format Version 12.00
# Visual Studio 2013
VisualStudioVersion = 12.0.21005.1
MinimumVisualStudioVersion = 10.0.40219.1
Project("{8BC9CEB8-8B4A-11D0-8D11-00A0C91BC942}") = "Orca", "Orca\Orca.vcxproj", "{97AF2C05-01C3-41A3-A0CE-3A19F7B4ADE4}"
EndProject
Project("{8BC9CEB8-8B4A-11D0-8D11-00A0C91BC942}") = "DPrep", "DPrep\DPrep.vcxproj", "{403DE108-74AE-45DB-97D5-9D51CF15AD17}"
EndProject
Project("{FAE04EC0-301F-11D3-BF4B-00C04F79EFBC}") = "Thesis.Miscellaneous", "Thesis.Miscellaneous\Thesis.Miscellaneous.csproj", "{EF5599F1-E728-41D6-86EE-321069FC3CD4}"
EndProject
Project("{FAE04EC0-301F-11D3-BF4B-00C04F79EFBC}") = "Thesis.Miscellaneous.Tests", "Thesis.Miscellaneous.Tests\Thesis.Miscellaneous.Tests.csproj", "{2EE80E50-578E-4F57-8E10-CA7B60C40F88}"
EndProject
Project("{FAE04EC0-301F-11D3-BF4B-00C04F79EFBC}") = "Thesis.Orca", "Thesis.Orca\Thesis.Orca.csproj", "{A0860067-5AD2-4255-A86C-000CBAD04EB8}"
EndProject
Project("{FAE04EC0-301F-11D3-BF4B-00C04F79EFBC}") = "Thesis.DataCleansing.App", "Thesis.DataCleansing.App\Thesis.DataCleansing.App.csproj", "{63D4FA89-64F9-4DC3-9D2E-91252DEE5216}"
EndProject
Project("{FAE04EC0-301F-11D3-BF4B-00C04F79EFBC}") = "Thesis.DataCleansing", "Thesis.DataCleansing\Thesis.DataCleansing.csproj", "{BE9252DD-F3A3-4B6A-A400-0078A45A9626}"
EndProject
Project("{FAE04EC0-301F-11D3-BF4B-00C04F79EFBC}") = "Thesis.DDMS", "Thesis.DDMS\Thesis.DDMS.csproj", "{DA49F71E-E9D5-4922-A4B2-CB35B5179D72}"
EndProject
Global
	GlobalSection(SolutionConfigurationPlatforms) = preSolution
		Debug|Any CPU = Debug|Any CPU
		Debug|Mixed Platforms = Debug|Mixed Platforms
		Debug|Win32 = Debug|Win32
		Release|Any CPU = Release|Any CPU
		Release|Mixed Platforms = Release|Mixed Platforms
		Release|Win32 = Release|Win32
	EndGlobalSection
	GlobalSection(ProjectConfigurationPlatforms) = postSolution
		{97AF2C05-01C3-41A3-A0CE-3A19F7B4ADE4}.Debug|Any CPU.ActiveCfg = Debug|Win32
		{97AF2C05-01C3-41A3-A0CE-3A19F7B4ADE4}.Debug|Mixed Platforms.ActiveCfg = Debug|Win32
		{97AF2C05-01C3-41A3-A0CE-3A19F7B4ADE4}.Debug|Mixed Platforms.Build.0 = Debug|Win32
		{97AF2C05-01C3-41A3-A0CE-3A19F7B4ADE4}.Debug|Win32.ActiveCfg = Debug|Win32
		{97AF2C05-01C3-41A3-A0CE-3A19F7B4ADE4}.Debug|Win32.Build.0 = Debug|Win32
		{97AF2C05-01C3-41A3-A0CE-3A19F7B4ADE4}.Release|Any CPU.ActiveCfg = Release|Win32
		{97AF2C05-01C3-41A3-A0CE-3A19F7B4ADE4}.Release|Mixed Platforms.ActiveCfg = Release|Win32
		{97AF2C05-01C3-41A3-A0CE-3A19F7B4ADE4}.Release|Mixed Platforms.Build.0 = Release|Win32
		{97AF2C05-01C3-41A3-A0CE-3A19F7B4ADE4}.Release|Win32.ActiveCfg = Release|Win32
		{97AF2C05-01C3-41A3-A0CE-3A19F7B4ADE4}.Release|Win32.Build.0 = Release|Win32
		{403DE108-74AE-45DB-97D5-9D51CF15AD17}.Debug|Any CPU.ActiveCfg = Debug|Win32
		{403DE108-74AE-45DB-97D5-9D51CF15AD17}.Debug|Mixed Platforms.ActiveCfg = Debug|Win32
		{403DE108-74AE-45DB-97D5-9D51CF15AD17}.Debug|Mixed Platforms.Build.0 = Debug|Win32
		{403DE108-74AE-45DB-97D5-9D51CF15AD17}.Debug|Win32.ActiveCfg = Debug|Win32
		{403DE108-74AE-45DB-97D5-9D51CF15AD17}.Debug|Win32.Build.0 = Debug|Win32
		{403DE108-74AE-45DB-97D5-9D51CF15AD17}.Release|Any CPU.ActiveCfg = Release|Win32
		{403DE108-74AE-45DB-97D5-9D51CF15AD17}.Release|Mixed Platforms.ActiveCfg = Release|Win32
		{403DE108-74AE-45DB-97D5-9D51CF15AD17}.Release|Mixed Platforms.Build.0 = Release|Win32
		{403DE108-74AE-45DB-97D5-9D51CF15AD17}.Release|Win32.ActiveCfg = Release|Win32
		{403DE108-74AE-45DB-97D5-9D51CF15AD17}.Release|Win32.Build.0 = Release|Win32
		{EF5599F1-E728-41D6-86EE-321069FC3CD4}.Debug|Any CPU.ActiveCfg = Debug|Any CPU
		{EF5599F1-E728-41D6-86EE-321069FC3CD4}.Debug|Any CPU.Build.0 = Debug|Any CPU
		{EF5599F1-E728-41D6-86EE-321069FC3CD4}.Debug|Mixed Platforms.ActiveCfg = Debug|Any CPU
		{EF5599F1-E728-41D6-86EE-321069FC3CD4}.Debug|Mixed Platforms.Build.0 = Debug|Any CPU
		{EF5599F1-E728-41D6-86EE-321069FC3CD4}.Debug|Win32.ActiveCfg = Debug|Any CPU
		{EF5599F1-E728-41D6-86EE-321069FC3CD4}.Release|Any CPU.ActiveCfg = Release|Any CPU
		{EF5599F1-E728-41D6-86EE-321069FC3CD4}.Release|Any CPU.Build.0 = Release|Any CPU
		{EF5599F1-E728-41D6-86EE-321069FC3CD4}.Release|Mixed Platforms.ActiveCfg = Release|Any CPU
		{EF5599F1-E728-41D6-86EE-321069FC3CD4}.Release|Mixed Platforms.Build.0 = Release|Any CPU
		{EF5599F1-E728-41D6-86EE-321069FC3CD4}.Release|Win32.ActiveCfg = Release|Any CPU
		{2EE80E50-578E-4F57-8E10-CA7B60C40F88}.Debug|Any CPU.ActiveCfg = Debug|Any CPU
		{2EE80E50-578E-4F57-8E10-CA7B60C40F88}.Debug|Any CPU.Build.0 = Debug|Any CPU
		{2EE80E50-578E-4F57-8E10-CA7B60C40F88}.Debug|Mixed Platforms.ActiveCfg = Debug|Any CPU
		{2EE80E50-578E-4F57-8E10-CA7B60C40F88}.Debug|Mixed Platforms.Build.0 = Debug|Any CPU
		{2EE80E50-578E-4F57-8E10-CA7B60C40F88}.Debug|Win32.ActiveCfg = Debug|Any CPU
		{2EE80E50-578E-4F57-8E10-CA7B60C40F88}.Release|Any CPU.ActiveCfg = Release|Any CPU
		{2EE80E50-578E-4F57-8E10-CA7B60C40F88}.Release|Any CPU.Build.0 = Release|Any CPU
		{2EE80E50-578E-4F57-8E10-CA7B60C40F88}.Release|Mixed Platforms.ActiveCfg = Release|Any CPU
		{2EE80E50-578E-4F57-8E10-CA7B60C40F88}.Release|Mixed Platforms.Build.0 = Release|Any CPU
		{2EE80E50-578E-4F57-8E10-CA7B60C40F88}.Release|Win32.ActiveCfg = Release|Any CPU
		{A0860067-5AD2-4255-A86C-000CBAD04EB8}.Debug|Any CPU.ActiveCfg = Debug|Any CPU
		{A0860067-5AD2-4255-A86C-000CBAD04EB8}.Debug|Any CPU.Build.0 = Debug|Any CPU
		{A0860067-5AD2-4255-A86C-000CBAD04EB8}.Debug|Mixed Platforms.ActiveCfg = Debug|Any CPU
		{A0860067-5AD2-4255-A86C-000CBAD04EB8}.Debug|Mixed Platforms.Build.0 = Debug|Any CPU
		{A0860067-5AD2-4255-A86C-000CBAD04EB8}.Debug|Win32.ActiveCfg = Debug|Any CPU
		{A0860067-5AD2-4255-A86C-000CBAD04EB8}.Release|Any CPU.ActiveCfg = Release|Any CPU
		{A0860067-5AD2-4255-A86C-000CBAD04EB8}.Release|Any CPU.Build.0 = Release|Any CPU
		{A0860067-5AD2-4255-A86C-000CBAD04EB8}.Release|Mixed Platforms.ActiveCfg = Release|Any CPU
		{A0860067-5AD2-4255-A86C-000CBAD04EB8}.Release|Mixed Platforms.Build.0 = Release|Any CPU
		{A0860067-5AD2-4255-A86C-000CBAD04EB8}.Release|Win32.ActiveCfg = Release|Any CPU
		{63D4FA89-64F9-4DC3-9D2E-91252DEE5216}.Debug|Any CPU.ActiveCfg = Debug|Any CPU
		{63D4FA89-64F9-4DC3-9D2E-91252DEE5216}.Debug|Any CPU.Build.0 = Debug|Any CPU
		{63D4FA89-64F9-4DC3-9D2E-91252DEE5216}.Debug|Mixed Platforms.ActiveCfg = Debug|Any CPU
		{63D4FA89-64F9-4DC3-9D2E-91252DEE5216}.Debug|Mixed Platforms.Build.0 = Debug|Any CPU
		{63D4FA89-64F9-4DC3-9D2E-91252DEE5216}.Debug|Win32.ActiveCfg = Debug|Any CPU
		{63D4FA89-64F9-4DC3-9D2E-91252DEE5216}.Release|Any CPU.ActiveCfg = Release|Any CPU
		{63D4FA89-64F9-4DC3-9D2E-91252DEE5216}.Release|Any CPU.Build.0 = Release|Any CPU
		{63D4FA89-64F9-4DC3-9D2E-91252DEE5216}.Release|Mixed Platforms.ActiveCfg = Release|Any CPU
		{63D4FA89-64F9-4DC3-9D2E-91252DEE5216}.Release|Mixed Platforms.Build.0 = Release|Any CPU
		{63D4FA89-64F9-4DC3-9D2E-91252DEE5216}.Release|Win32.ActiveCfg = Release|Any CPU
		{BE9252DD-F3A3-4B6A-A400-0078A45A9626}.Debug|Any CPU.ActiveCfg = Debug|Any CPU
		{BE9252DD-F3A3-4B6A-A400-0078A45A9626}.Debug|Any CPU.Build.0 = Debug|Any CPU
		{BE9252DD-F3A3-4B6A-A400-0078A45A9626}.Debug|Mixed Platforms.ActiveCfg = Debug|Any CPU
		{BE9252DD-F3A3-4B6A-A400-0078A45A9626}.Debug|Mixed Platforms.Build.0 = Debug|Any CPU
		{BE9252DD-F3A3-4B6A-A400-0078A45A9626}.Debug|Win32.ActiveCfg = Debug|Any CPU
		{BE9252DD-F3A3-4B6A-A400-0078A45A9626}.Release|Any CPU.ActiveCfg = Release|Any CPU
		{BE9252DD-F3A3-4B6A-A400-0078A45A9626}.Release|Any CPU.Build.0 = Release|Any CPU
		{BE9252DD-F3A3-4B6A-A400-0078A45A9626}.Release|Mixed Platforms.ActiveCfg = Release|Any CPU
		{BE9252DD-F3A3-4B6A-A400-0078A45A9626}.Release|Mixed Platforms.Build.0 = Release|Any CPU
		{BE9252DD-F3A3-4B6A-A400-0078A45A9626}.Release|Win32.ActiveCfg = Release|Any CPU
		{DA49F71E-E9D5-4922-A4B2-CB35B5179D72}.Debug|Any CPU.ActiveCfg = Debug|Any CPU
		{DA49F71E-E9D5-4922-A4B2-CB35B5179D72}.Debug|Any CPU.Build.0 = Debug|Any CPU
		{DA49F71E-E9D5-4922-A4B2-CB35B5179D72}.Debug|Mixed Platforms.ActiveCfg = Debug|Any CPU
		{DA49F71E-E9D5-4922-A4B2-CB35B5179D72}.Debug|Mixed Platforms.Build.0 = Debug|Any CPU
		{DA49F71E-E9D5-4922-A4B2-CB35B5179D72}.Debug|Win32.ActiveCfg = Debug|Any CPU
		{DA49F71E-E9D5-4922-A4B2-CB35B5179D72}.Release|Any CPU.ActiveCfg = Release|Any CPU
		{DA49F71E-E9D5-4922-A4B2-CB35B5179D72}.Release|Any CPU.Build.0 = Release|Any CPU
		{DA49F71E-E9D5-4922-A4B2-CB35B5179D72}.Release|Mixed Platforms.ActiveCfg = Release|Any CPU
		{DA49F71E-E9D5-4922-A4B2-CB35B5179D72}.Release|Mixed Platforms.Build.0 = Release|Any CPU
		{DA49F71E-E9D5-4922-A4B2-CB35B5179D72}.Release|Win32.ActiveCfg = Release|Any CPU
	EndGlobalSection
	GlobalSection(SolutionProperties) = preSolution
		HideSolutionNode = FALSE
	EndGlobalSection
EndGlobal
